
Microsoft Visual Studio Solution File, Format Version 12.00
# Visual Studio Version 17
VisualStudioVersion = 17.4.33403.182
MinimumVisualStudioVersion = 10.0.40219.1
Project("{FAE04EC0-301F-11D3-BF4B-00C04F79EFBC}") = "XSSAttcak", "XSSAttcak\XSSAttcak.csproj", "{B591DF05-824B-4F34-967E-9FB37ED38E9B}"
EndProject
Global
	GlobalSection(SolutionConfigurationPlatforms) = preSolution
		Debug|Any CPU = Debug|Any CPU
		Release|Any CPU = Release|Any CPU
	EndGlobalSection
	GlobalSection(ProjectConfigurationPlatforms) = postSolution
		{B591DF05-824B-4F34-967E-9FB37ED38E9B}.Debug|Any CPU.ActiveCfg = Debug|Any CPU
		{B591DF05-824B-4F34-967E-9FB37ED38E9B}.Debug|Any CPU.Build.0 = Debug|Any CPU
		{B591DF05-824B-4F34-967E-9FB37ED38E9B}.Release|Any CPU.ActiveCfg = Release|Any CPU
		{B591DF05-824B-4F34-967E-9FB37ED38E9B}.Release|Any CPU.Build.0 = Release|Any CPU
	EndGlobalSection
	GlobalSection(SolutionProperties) = preSolution
		HideSolutionNode = FALSE
	EndGlobalSection
	GlobalSection(ExtensibilityGlobals) = postSolution
		SolutionGuid = {9DBBC58F-7531-45DE-8457-D5960B85A9DF}
	EndGlobalSection
EndGlobal
